
Microsoft Visual Studio Solution File, Format Version 12.00
# Visual Studio 15
VisualStudioVersion = 15.0.27130.2010
MinimumVisualStudioVersion = 10.0.40219.1
Project("{FAE04EC0-301F-11D3-BF4B-00C04F79EFBC}") = "EightQueens", "EightQueens\EightQueens.csproj", "{5A2C26A2-42EF-472A-9A04-87F041ECD68D}"
EndProject
Global
	GlobalSection(SolutionConfigurationPlatforms) = preSolution
		Debug|Any CPU = Debug|Any CPU
		Release|Any CPU = Release|Any CPU
	EndGlobalSection
	GlobalSection(ProjectConfigurationPlatforms) = postSolution
		{5A2C26A2-42EF-472A-9A04-87F041ECD68D}.Debug|Any CPU.ActiveCfg = Debug|Any CPU
		{5A2C26A2-42EF-472A-9A04-87F041ECD68D}.Debug|Any CPU.Build.0 = Debug|Any CPU
		{5A2C26A2-42EF-472A-9A04-87F041ECD68D}.Release|Any CPU.ActiveCfg = Release|Any CPU
		{5A2C26A2-42EF-472A-9A04-87F041ECD68D}.Release|Any CPU.Build.0 = Release|Any CPU
	EndGlobalSection
	GlobalSection(SolutionProperties) = preSolution
		HideSolutionNode = FALSE
	EndGlobalSection
	GlobalSection(ExtensibilityGlobals) = postSolution
		SolutionGuid = {6A9E3F01-6F8D-479F-B46F-82FA913E7E2E}
	EndGlobalSection
EndGlobal
